
Microsoft Visual Studio Solution File, Format Version 12.00
# Visual Studio Version 17
VisualStudioVersion = 17.9.34607.119
MinimumVisualStudioVersion = 10.0.40219.1
Project("{FAE04EC0-301F-11D3-BF4B-00C04F79EFBC}") = "ExceptionList", "ExceptionList\ExceptionList.csproj", "{9C1E6965-B683-44E1-9EC8-1B9B3CA27C7F}"
EndProject
Global
	GlobalSection(SolutionConfigurationPlatforms) = preSolution
		Debug|Any CPU = Debug|Any CPU
		Release|Any CPU = Release|Any CPU
	EndGlobalSection
	GlobalSection(ProjectConfigurationPlatforms) = postSolution
		{9C1E6965-B683-44E1-9EC8-1B9B3CA27C7F}.Debug|Any CPU.ActiveCfg = Debug|Any CPU
		{9C1E6965-B683-44E1-9EC8-1B9B3CA27C7F}.Debug|Any CPU.Build.0 = Debug|Any CPU
		{9C1E6965-B683-44E1-9EC8-1B9B3CA27C7F}.Release|Any CPU.ActiveCfg = Release|Any CPU
		{9C1E6965-B683-44E1-9EC8-1B9B3CA27C7F}.Release|Any CPU.Build.0 = Release|Any CPU
	EndGlobalSection
	GlobalSection(SolutionProperties) = preSolution
		HideSolutionNode = FALSE
	EndGlobalSection
	GlobalSection(ExtensibilityGlobals) = postSolution
		SolutionGuid = {2587E0D9-CB18-4EF9-9657-B9828B188AFA}
	EndGlobalSection
EndGlobal
